
Microsoft Visual Studio Solution File, Format Version 12.00
# Visual Studio 15
VisualStudioVersion = 15.0.27703.2000
MinimumVisualStudioVersion = 10.0.40219.1
Project("{D954291E-2A0B-460D-934E-DC6B0785DB48}") = "Utils", "Utils\Utils.shproj", "{9065ED0B-2792-4075-B94F-44A9383DC35C}"
EndProject
Project("{FAE04EC0-301F-11D3-BF4B-00C04F79EFBC}") = "NotSoPermanentEvasion", "NotSoPermanentEvasion\NotSoPermanentEvasion.csproj", "{75DDD2F7-376B-46E3-891F-618D72D10A04}"
EndProject
Global
	GlobalSection(SharedMSBuildProjectFiles) = preSolution
		Utils\Utils.projitems*{75ddd2f7-376b-46e3-891f-618d72d10a04}*SharedItemsImports = 4
		Utils\Utils.projitems*{9065ed0b-2792-4075-b94f-44a9383dc35c}*SharedItemsImports = 13
	EndGlobalSection
	GlobalSection(SolutionConfigurationPlatforms) = preSolution
		Debug|Any CPU = Debug|Any CPU
		Release|Any CPU = Release|Any CPU
	EndGlobalSection
	GlobalSection(ProjectConfigurationPlatforms) = postSolution
		{75DDD2F7-376B-46E3-891F-618D72D10A04}.Debug|Any CPU.ActiveCfg = Debug|Any CPU
		{75DDD2F7-376B-46E3-891F-618D72D10A04}.Debug|Any CPU.Build.0 = Debug|Any CPU
		{75DDD2F7-376B-46E3-891F-618D72D10A04}.Release|Any CPU.ActiveCfg = Release|Any CPU
		{75DDD2F7-376B-46E3-891F-618D72D10A04}.Release|Any CPU.Build.0 = Release|Any CPU
	EndGlobalSection
	GlobalSection(SolutionProperties) = preSolution
		HideSolutionNode = FALSE
	EndGlobalSection
	GlobalSection(ExtensibilityGlobals) = postSolution
		SolutionGuid = {266C03CE-15CE-4828-91E8-CB50714E54BD}
	EndGlobalSection
EndGlobal
